// !$*UTF8*$!
{
	archiveVersion = 1;
	classes = {
	};
	objectVersion = 77;
	objects = {

/* Begin PBXContainerItemProxy section */
		BFB1BD4F2E3B39560005B77F /* PBXContainerItemProxy */ = {
			isa = PBXContainerItemProxy;
			containerPortal = BFB1BD352E3B39550005B77F /* Project object */;
			proxyType = 1;
			remoteGlobalIDString = BFB1BD3C2E3B39550005B77F;
			remoteInfo = Progress;
		};
		BFB1BD592E3B39560005B77F /* PBXContainerItemProxy */ = {
			isa = PBXContainerItemProxy;
			containerPortal = BFB1BD352E3B39550005B77F /* Project object */;
			proxyType = 1;
			remoteGlobalIDString = BFB1BD3C2E3B39550005B77F;
			remoteInfo = Progress;
		};
/* End PBXContainerItemProxy section */

/* Begin PBXFileReference section */
		BFB1BD3D2E3B39550005B77F /* DailyProgressDotAI.app */ = {isa = PBXFileReference; explicitFileType = wrapper.application; includeInIndex = 0; path = DailyProgressDotAI.app; sourceTree = BUILT_PRODUCTS_DIR; };
		BFB1BD4E2E3B39560005B77F /* DailyProgressDotAITests.xctest */ = {isa = PBXFileReference; explicitFileType = wrapper.cfbundle; includeInIndex = 0; path = DailyProgressDotAITests.xctest; sourceTree = BUILT_PRODUCTS_DIR; };
		BFB1BD582E3B39560005B77F /* DailyProgressDotAIUITests.xctest */ = {isa = PBXFileReference; explicitFileType = wrapper.cfbundle; includeInIndex = 0; path = DailyProgressDotAIUITests.xctest; sourceTree = BUILT_PRODUCTS_DIR; };
/* End PBXFileReference section */

/* Begin PBXFileSystemSynchronizedBuildFileExceptionSet section */
		BFB1BD602E3B39560005B77F /* Exceptions for "Progress" folder in "DailyProgressDotAI" target */ = {
			isa = PBXFileSystemSynchronizedBuildFileExceptionSet;
			membershipExceptions = (
				Info.plist,
			);
			target = BFB1BD3C2E3B39550005B77F /* DailyProgressDotAI */;
		};
/* End PBXFileSystemSynchronizedBuildFileExceptionSet section */

/* Begin PBXFileSystemSynchronizedRootGroup section */
		BFB1BD3F2E3B39550005B77F /* Progress */ = {
			isa = PBXFileSystemSynchronizedRootGroup;
			exceptions = (
				BFB1BD602E3B39560005B77F /* Exceptions for "Progress" folder in "DailyProgressDotAI" target */,
			);
			path = Progress;
			sourceTree = "<group>";
		};
		BFB1BD512E3B39560005B77F /* ProgressTests */ = {
			isa = PBXFileSystemSynchronizedRootGroup;
			path = ProgressTests;
			sourceTree = "<group>";
		};
		BFB1BD5B2E3B39560005B77F /* ProgressUITests */ = {
			isa = PBXFileSystemSynchronizedRootGroup;
			path = ProgressUITests;
			sourceTree = "<group>";
		};
/* End PBXFileSystemSynchronizedRootGroup section */

/* Begin PBXFrameworksBuildPhase section */
		BFB1BD3A2E3B39550005B77F /* Frameworks */ = {
			isa = PBXFrameworksBuildPhase;
			buildActionMask = 2147483647;
			files = (
			);
			runOnlyForDeploymentPostprocessing = 0;
		};
		BFB1BD4B2E3B39560005B77F /* Frameworks */ = {
			isa = PBXFrameworksBuildPhase;
			buildActionMask = 2147483647;
			files = (
			);
			runOnlyForDeploymentPostprocessing = 0;
		};
		BFB1BD552E3B39560005B77F /* Frameworks */ = {
			isa = PBXFrameworksBuildPhase;
			buildActionMask = 2147483647;
			files = (
			);
			runOnlyForDeploymentPostprocessing = 0;
		};
/* End PBXFrameworksBuildPhase section */

/* Begin PBXGroup section */
		BFB1BD342E3B39550005B77F = {
			isa = PBXGroup;
			children = (
				BFB1BD3F2E3B39550005B77F /* Progress */,
				BFB1BD512E3B39560005B77F /* ProgressTests */,
				BFB1BD5B2E3B39560005B77F /* ProgressUITests */,
				BFB1BD3E2E3B39550005B77F /* Products */,
			);
			sourceTree = "<group>";
		};
		BFB1BD3E2E3B39550005B77F /* Products */ = {
			isa = PBXGroup;
			children = (
				BFB1BD3D2E3B39550005B77F /* DailyProgressDotAI.app */,
				BFB1BD4E2E3B39560005B77F /* DailyProgressDotAITests.xctest */,
				BFB1BD582E3B39560005B77F /* DailyProgressDotAIUITests.xctest */,
			);
			name = Products;
			sourceTree = "<group>";
		};
/* End PBXGroup section */

/* Begin PBXNativeTarget section */
		BFB1BD3C2E3B39550005B77F /* DailyProgressDotAI */ = {
			isa = PBXNativeTarget;
			buildConfigurationList = BFB1BD612E3B39560005B77F /* Build configuration list for PBXNativeTarget "DailyProgressDotAI" */;
			buildPhases = (
				BFB1BD392E3B39550005B77F /* Sources */,
				BFB1BD3A2E3B39550005B77F /* Frameworks */,
				BFB1BD3B2E3B39550005B77F /* Resources */,
			);
			buildRules = (
			);
			dependencies = (
			);
			fileSystemSynchronizedGroups = (
				BFB1BD3F2E3B39550005B77F /* Progress */,
			);
			name = DailyProgressDotAI;
			packageProductDependencies = (
			);
			productName = Progress;
			productReference = BFB1BD3D2E3B39550005B77F /* DailyProgressDotAI.app */;
			productType = "com.apple.product-type.application";
		};
		BFB1BD4D2E3B39560005B77F /* DailyProgressDotAITests */ = {
			isa = PBXNativeTarget;
			buildConfigurationList = BFB1BD662E3B39560005B77F /* Build configuration list for PBXNativeTarget "DailyProgressDotAITests" */;
			buildPhases = (
				BFB1BD4A2E3B39560005B77F /* Sources */,
				BFB1BD4B2E3B39560005B77F /* Frameworks */,
				BFB1BD4C2E3B39560005B77F /* Resources */,
			);
			buildRules = (
			);
			dependencies = (
				BFB1BD502E3B39560005B77F /* PBXTargetDependency */,
			);
			fileSystemSynchronizedGroups = (
				BFB1BD512E3B39560005B77F /* ProgressTests */,
			);
			name = DailyProgressDotAITests;
			packageProductDependencies = (
			);
			productName = ProgressTests;
			productReference = BFB1BD4E2E3B39560005B77F /* DailyProgressDotAITests.xctest */;
			productType = "com.apple.product-type.bundle.unit-test";
		};
		BFB1BD572E3B39560005B77F /* DailyProgressDotAIUITests */ = {
			isa = PBXNativeTarget;
			buildConfigurationList = BFB1BD692E3B39560005B77F /* Build configuration list for PBXNativeTarget "DailyProgressDotAIUITests" */;
			buildPhases = (
				BFB1BD542E3B39560005B77F /* Sources */,
				BFB1BD552E3B39560005B77F /* Frameworks */,
				BFB1BD562E3B39560005B77F /* Resources */,
			);
			buildRules = (
			);
			dependencies = (
				BFB1BD5A2E3B39560005B77F /* PBXTargetDependency */,
			);
			fileSystemSynchronizedGroups = (
				BFB1BD5B2E3B39560005B77F /* ProgressUITests */,
			);
			name = DailyProgressDotAIUITests;
			packageProductDependencies = (
			);
			productName = ProgressUITests;
			productReference = BFB1BD582E3B39560005B77F /* DailyProgressDotAIUITests.xctest */;
			productType = "com.apple.product-type.bundle.ui-testing";
		};
/* End PBXNativeTarget section */

/* Begin PBXProject section */
		BFB1BD352E3B39550005B77F /* Project object */ = {
			isa = PBXProject;
			attributes = {
				BuildIndependentTargetsInParallel = 1;
				LastSwiftUpdateCheck = 1640;
				LastUpgradeCheck = 1640;
				TargetAttributes = {
					BFB1BD3C2E3B39550005B77F = {
						CreatedOnToolsVersion = 16.4;
					};
					BFB1BD4D2E3B39560005B77F = {
						CreatedOnToolsVersion = 16.4;
						TestTargetID = BFB1BD3C2E3B39550005B77F;
					};
					BFB1BD572E3B39560005B77F = {
						CreatedOnToolsVersion = 16.4;
						TestTargetID = BFB1BD3C2E3B39550005B77F;
					};
				};
			};
			buildConfigurationList = BFB1BD382E3B39550005B77F /* Build configuration list for PBXProject "DailyProgressDotAI" */;
			developmentRegion = en;
			hasScannedForEncodings = 0;
			knownRegions = (
				en,
				Base,
			);
			mainGroup = BFB1BD342E3B39550005B77F;
			minimizedProjectReferenceProxies = 1;
			preferredProjectObjectVersion = 77;
			productRefGroup = BFB1BD3E2E3B39550005B77F /* Products */;
			projectDirPath = "";
			projectRoot = "";
			targets = (
				BFB1BD3C2E3B39550005B77F /* DailyProgressDotAI */,
				BFB1BD4D2E3B39560005B77F /* DailyProgressDotAITests */,
				BFB1BD572E3B39560005B77F /* DailyProgressDotAIUITests */,
			);
		};
/* End PBXProject section */

/* Begin PBXResourcesBuildPhase section */
		BFB1BD3B2E3B39550005B77F /* Resources */ = {
			isa = PBXResourcesBuildPhase;
			buildActionMask = 2147483647;
			files = (
			);
			runOnlyForDeploymentPostprocessing = 0;
		};
		BFB1BD4C2E3B39560005B77F /* Resources */ = {
			isa = PBXResourcesBuildPhase;
			buildActionMask = 2147483647;
			files = (
			);
			runOnlyForDeploymentPostprocessing = 0;
		};
		BFB1BD562E3B39560005B77F /* Resources */ = {
			isa = PBXResourcesBuildPhase;
			buildActionMask = 2147483647;
			files = (
			);
			runOnlyForDeploymentPostprocessing = 0;
		};
/* End PBXResourcesBuildPhase section */

/* Begin PBXSourcesBuildPhase section */
		BFB1BD392E3B39550005B77F /* Sources */ = {
			isa = PBXSourcesBuildPhase;
			buildActionMask = 2147483647;
			files = (
			);
			runOnlyForDeploymentPostprocessing = 0;
		};
		BFB1BD4A2E3B39560005B77F /* Sources */ = {
			isa = PBXSourcesBuildPhase;
			buildActionMask = 2147483647;
			files = (
			);
			runOnlyForDeploymentPostprocessing = 0;
		};
		BFB1BD542E3B39560005B77F /* Sources */ = {
			isa = PBXSourcesBuildPhase;
			buildActionMask = 2147483647;
			files = (
			);
			runOnlyForDeploymentPostprocessing = 0;
		};
/* End PBXSourcesBuildPhase section */

/* Begin PBXTargetDependency section */
		BFB1BD502E3B39560005B77F /* PBXTargetDependency */ = {
			isa = PBXTargetDependency;
			target = BFB1BD3C2E3B39550005B77F /* DailyProgressDotAI */;
			targetProxy = BFB1BD4F2E3B39560005B77F /* PBXContainerItemProxy */;
		};
		BFB1BD5A2E3B39560005B77F /* PBXTargetDependency */ = {
			isa = PBXTargetDependency;
			target = BFB1BD3C2E3B39550005B77F /* DailyProgressDotAI */;
			targetProxy = BFB1BD592E3B39560005B77F /* PBXContainerItemProxy */;
		};
/* End PBXTargetDependency section */

/* Begin XCBuildConfiguration section */
		BFB1BD622E3B39560005B77F /* Debug */ = {
			isa = XCBuildConfiguration;
			buildSettings = {
				ASSETCATALOG_COMPILER_APPICON_NAME = AppIcon;
				ASSETCATALOG_COMPILER_GLOBAL_ACCENT_COLOR_NAME = AccentColor;
				CODE_SIGN_ENTITLEMENTS = Progress/Progress.entitlements;
				CODE_SIGN_STYLE = Automatic;
				CURRENT_PROJECT_VERSION = 1;
				DEVELOPMENT_TEAM = M3DCK3B84W;
				ENABLE_PREVIEWS = YES;
				GENERATE_INFOPLIST_FILE = YES;
				INFOPLIST_FILE = Progress/Info.plist;
				INFOPLIST_KEY_LSApplicationCategoryType = "public.app-category.productivity";
				INFOPLIST_KEY_UIApplicationSceneManifest_Generation = YES;
				INFOPLIST_KEY_UIApplicationSupportsIndirectInputEvents = YES;
				INFOPLIST_KEY_UILaunchScreen_Generation = YES;
				INFOPLIST_KEY_UISupportedInterfaceOrientations_iPad = "UIInterfaceOrientationPortrait UIInterfaceOrientationPortraitUpsideDown UIInterfaceOrientationLandscapeLeft UIInterfaceOrientationLandscapeRight";
				INFOPLIST_KEY_UISupportedInterfaceOrientations_iPhone = "UIInterfaceOrientationPortrait UIInterfaceOrientationLandscapeLeft UIInterfaceOrientationLandscapeRight";
				LD_RUNPATH_SEARCH_PATHS = (
					"$(inherited)",
					"@executable_path/Frameworks",
				);
				MARKETING_VERSION = 1.0;
				PRODUCT_BUNDLE_IDENTIFIER = app.rohand.DailyProgressDotAI;
				PRODUCT_NAME = "$(TARGET_NAME)";
				SWIFT_EMIT_LOC_STRINGS = YES;
				SWIFT_VERSION = 5.0;
				TARGETED_DEVICE_FAMILY = "1,2";
			};
			name = Debug;
		};
		BFB1BD632E3B39560005B77F /* Release */ = {
			isa = XCBuildConfiguration;
			buildSettings = {
				ASSETCATALOG_COMPILER_APPICON_NAME = AppIcon;
				ASSETCATALOG_COMPILER_GLOBAL_ACCENT_COLOR_NAME = AccentColor;
				CODE_SIGN_ENTITLEMENTS = Progress/Progress.entitlements;
				CODE_SIGN_STYLE = Automatic;
				CURRENT_PROJECT_VERSION = 1;
				DEVELOPMENT_TEAM = M3DCK3B84W;
				ENABLE_PREVIEWS = YES;
				GENERATE_INFOPLIST_FILE = YES;
				INFOPLIST_FILE = Progress/Info.plist;
				INFOPLIST_KEY_LSApplicationCategoryType = "public.app-category.productivity";
				INFOPLIST_KEY_UIApplicationSceneManifest_Generation = YES;
				INFOPLIST_KEY_UIApplicationSupportsIndirectInputEvents = YES;
				INFOPLIST_KEY_UILaunchScreen_Generation = YES;
				INFOPLIST_KEY_UISupportedInterfaceOrientations_iPad = "UIInterfaceOrientationPortrait UIInterfaceOrientationPortraitUpsideDown UIInterfaceOrientationLandscapeLeft UIInterfaceOrientationLandscapeRight";
				INFOPLIST_KEY_UISupportedInterfaceOrientations_iPhone = "UIInterfaceOrientationPortrait UIInterfaceOrientationLandscapeLeft UIInterfaceOrientationLandscapeRight";
				LD_RUNPATH_SEARCH_PATHS = (
					"$(inherited)",
					"@executable_path/Frameworks",
				);
				MARKETING_VERSION = 1.0;
				PRODUCT_BUNDLE_IDENTIFIER = app.rohand.DailyProgressDotAI;
				PRODUCT_NAME = "$(TARGET_NAME)";
				SWIFT_EMIT_LOC_STRINGS = YES;
				SWIFT_VERSION = 5.0;
				TARGETED_DEVICE_FAMILY = "1,2";
			};
			name = Release;
		};
		BFB1BD642E3B39560005B77F /* Debug */ = {
			isa = XCBuildConfiguration;
			buildSettings = {
				ALWAYS_SEARCH_USER_PATHS = NO;
				ASSETCATALOG_COMPILER_GENERATE_SWIFT_ASSET_SYMBOL_EXTENSIONS = YES;
				CLANG_ANALYZER_NONNULL = YES;
				CLANG_ANALYZER_NUMBER_OBJECT_CONVERSION = YES_AGGRESSIVE;
				CLANG_CXX_LANGUAGE_STANDARD = "gnu++20";
				CLANG_ENABLE_MODULES = YES;
				CLANG_ENABLE_OBJC_ARC = YES;
				CLANG_ENABLE_OBJC_WEAK = YES;
				CLANG_WARN_BLOCK_CAPTURE_AUTORELEASING = YES;
				CLANG_WARN_BOOL_CONVERSION = YES;
				CLANG_WARN_COMMA = YES;
				CLANG_WARN_CONSTANT_CONVERSION = YES;
				CLANG_WARN_DEPRECATED_OBJC_IMPLEMENTATIONS = YES;
				CLANG_WARN_DIRECT_OBJC_ISA_USAGE = YES_ERROR;
				CLANG_WARN_DOCUMENTATION_COMMENTS = YES;
				CLANG_WARN_EMPTY_BODY = YES;
				CLANG_WARN_ENUM_CONVERSION = YES;
				CLANG_WARN_INFINITE_RECURSION = YES;
				CLANG_WARN_INT_CONVERSION = YES;
				CLANG_WARN_NON_LITERAL_NULL_CONVERSION = YES;
				CLANG_WARN_OBJC_IMPLICIT_RETAIN_SELF = YES;
				CLANG_WARN_OBJC_LITERAL_CONVERSION = YES;
				CLANG_WARN_OBJC_ROOT_CLASS = YES_ERROR;
				CLANG_WARN_QUOTED_INCLUDE_IN_FRAMEWORK_HEADER = YES;
				CLANG_WARN_RANGE_LOOP_ANALYSIS = YES;
				CLANG_WARN_STRICT_PROTOTYPES = YES;
				CLANG_WARN_SUSPICIOUS_MOVE = YES;
				CLANG_WARN_UNGUARDED_AVAILABILITY = YES_AGGRESSIVE;
				CLANG_WARN_UNREACHABLE_CODE = YES;
				CLANG_WARN__DUPLICATE_METHOD_MATCH = YES;
				COPY_PHASE_STRIP = NO;
				DEBUG_INFORMATION_FORMAT = dwarf;
				DEVELOPMENT_TEAM = M3DCK3B84W;
				ENABLE_STRICT_OBJC_MSGSEND = YES;
				ENABLE_TESTABILITY = YES;
				ENABLE_USER_SCRIPT_SANDBOXING = YES;
				GCC_C_LANGUAGE_STANDARD = gnu17;
				GCC_DYNAMIC_NO_PIC = NO;
				GCC_NO_COMMON_BLOCKS = YES;
				GCC_OPTIMIZATION_LEVEL = 0;
				GCC_PREPROCESSOR_DEFINITIONS = (
					"DEBUG=1",
					"$(inherited)",
				);
				GCC_WARN_64_TO_32_BIT_CONVERSION = YES;
				GCC_WARN_ABOUT_RETURN_TYPE = YES_ERROR;
				GCC_WARN_UNDECLARED_SELECTOR = YES;
				GCC_WARN_UNINITIALIZED_AUTOS = YES_AGGRESSIVE;
				GCC_WARN_UNUSED_FUNCTION = YES;
				GCC_WARN_UNUSED_VARIABLE = YES;
				IPHONEOS_DEPLOYMENT_TARGET = 18.5;
				LOCALIZATION_PREFERS_STRING_CATALOGS = YES;
				MTL_ENABLE_DEBUG_INFO = INCLUDE_SOURCE;
				MTL_FAST_MATH = YES;
				ONLY_ACTIVE_ARCH = YES;
				SDKROOT = iphoneos;
				SWIFT_ACTIVE_COMPILATION_CONDITIONS = "DEBUG $(inherited)";
				SWIFT_OPTIMIZATION_LEVEL = "-Onone";
			};
			name = Debug;
		};
		BFB1BD652E3B39560005B77F /* Release */ = {
			isa = XCBuildConfiguration;
			buildSettings = {
				ALWAYS_SEARCH_USER_PATHS = NO;
				ASSETCATALOG_COMPILER_GENERATE_SWIFT_ASSET_SYMBOL_EXTENSIONS = YES;
				CLANG_ANALYZER_NONNULL = YES;
				CLANG_ANALYZER_NUMBER_OBJECT_CONVERSION = YES_AGGRESSIVE;
				CLANG_CXX_LANGUAGE_STANDARD = "gnu++20";
				CLANG_ENABLE_MODULES = YES;
				CLANG_ENABLE_OBJC_ARC = YES;
				CLANG_ENABLE_OBJC_WEAK = YES;
				CLANG_WARN_BLOCK_CAPTURE_AUTORELEASING = YES;
				CLANG_WARN_BOOL_CONVERSION = YES;
				CLANG_WARN_COMMA = YES;
				CLANG_WARN_CONSTANT_CONVERSION = YES;
				CLANG_WARN_DEPRECATED_OBJC_IMPLEMENTATIONS = YES;
				CLANG_WARN_DIRECT_OBJC_ISA_USAGE = YES_ERROR;
				CLANG_WARN_DOCUMENTATION_COMMENTS = YES;
				CLANG_WARN_EMPTY_BODY = YES;
				CLANG_WARN_ENUM_CONVERSION = YES;
				CLANG_WARN_INFINITE_RECURSION = YES;
				CLANG_WARN_INT_CONVERSION = YES;
				CLANG_WARN_NON_LITERAL_NULL_CONVERSION = YES;
				CLANG_WARN_OBJC_IMPLICIT_RETAIN_SELF = YES;
				CLANG_WARN_OBJC_LITERAL_CONVERSION = YES;
				CLANG_WARN_OBJC_ROOT_CLASS = YES_ERROR;
				CLANG_WARN_QUOTED_INCLUDE_IN_FRAMEWORK_HEADER = YES;
				CLANG_WARN_RANGE_LOOP_ANALYSIS = YES;
				CLANG_WARN_STRICT_PROTOTYPES = YES;
				CLANG_WARN_SUSPICIOUS_MOVE = YES;
				CLANG_WARN_UNGUARDED_AVAILABILITY = YES_AGGRESSIVE;
				CLANG_WARN_UNREACHABLE_CODE = YES;
				CLANG_WARN__DUPLICATE_METHOD_MATCH = YES;
				COPY_PHASE_STRIP = NO;
				DEBUG_INFORMATION_FORMAT = "dwarf-with-dsym";
				DEVELOPMENT_TEAM = M3DCK3B84W;
				ENABLE_NS_ASSERTIONS = NO;
				ENABLE_STRICT_OBJC_MSGSEND = YES;
				ENABLE_USER_SCRIPT_SANDBOXING = YES;
				GCC_C_LANGUAGE_STANDARD = gnu17;
				GCC_NO_COMMON_BLOCKS = YES;
				GCC_WARN_64_TO_32_BIT_CONVERSION = YES;
				GCC_WARN_ABOUT_RETURN_TYPE = YES_ERROR;
				GCC_WARN_UNDECLARED_SELECTOR = YES;
				GCC_WARN_UNINITIALIZED_AUTOS = YES_AGGRESSIVE;
				GCC_WARN_UNUSED_FUNCTION = YES;
				GCC_WARN_UNUSED_VARIABLE = YES;
				IPHONEOS_DEPLOYMENT_TARGET = 18.5;
				LOCALIZATION_PREFERS_STRING_CATALOGS = YES;
				MTL_ENABLE_DEBUG_INFO = NO;
				MTL_FAST_MATH = YES;
				SDKROOT = iphoneos;
				SWIFT_COMPILATION_MODE = wholemodule;
				VALIDATE_PRODUCT = YES;
			};
			name = Release;
		};
		BFB1BD672E3B39560005B77F /* Debug */ = {
			isa = XCBuildConfiguration;
			buildSettings = {
				BUNDLE_LOADER = "$(TEST_HOST)";
				CODE_SIGN_STYLE = Automatic;
				CURRENT_PROJECT_VERSION = 1;
				DEVELOPMENT_TEAM = M3DCK3B84W;
				GENERATE_INFOPLIST_FILE = YES;
				IPHONEOS_DEPLOYMENT_TARGET = 18.5;
				MARKETING_VERSION = 1.0;
				PRODUCT_BUNDLE_IDENTIFIER = app.rohand.ProgressTests;
				PRODUCT_NAME = "$(TARGET_NAME)";
				SWIFT_EMIT_LOC_STRINGS = NO;
				SWIFT_VERSION = 5.0;
				TARGETED_DEVICE_FAMILY = "1,2";
				TEST_HOST = "$(BUILT_PRODUCTS_DIR)/DailyProgressDotAI.app/$(BUNDLE_EXECUTABLE_FOLDER_PATH)/DailyProgressDotAI";
			};
			name = Debug;
		};
		BFB1BD682E3B39560005B77F /* Release */ = {
			isa = XCBuildConfiguration;
			buildSettings = {
				BUNDLE_LOADER = "$(TEST_HOST)";
				CODE_SIGN_STYLE = Automatic;
				CURRENT_PROJECT_VERSION = 1;
				DEVELOPMENT_TEAM = M3DCK3B84W;
				GENERATE_INFOPLIST_FILE = YES;
				IPHONEOS_DEPLOYMENT_TARGET = 18.5;
				MARKETING_VERSION = 1.0;
				PRODUCT_BUNDLE_IDENTIFIER = app.rohand.ProgressTests;
				PRODUCT_NAME = "$(TARGET_NAME)";
				SWIFT_EMIT_LOC_STRINGS = NO;
				SWIFT_VERSION = 5.0;
				TARGETED_DEVICE_FAMILY = "1,2";
				TEST_HOST = "$(BUILT_PRODUCTS_DIR)/DailyProgressDotAI.app/$(BUNDLE_EXECUTABLE_FOLDER_PATH)/DailyProgressDotAI";
			};
			name = Release;
		};
		BFB1BD6A2E3B39560005B77F /* Debug */ = {
			isa = XCBuildConfiguration;
			buildSettings = {
				CODE_SIGN_STYLE = Automatic;
				CURRENT_PROJECT_VERSION = 1;
				DEVELOPMENT_TEAM = M3DCK3B84W;
				GENERATE_INFOPLIST_FILE = YES;
				MARKETING_VERSION = 1.0;
				PRODUCT_BUNDLE_IDENTIFIER = app.rohand.ProgressUITests;
				PRODUCT_NAME = "$(TARGET_NAME)";
				SWIFT_EMIT_LOC_STRINGS = NO;
				SWIFT_VERSION = 5.0;
				TARGETED_DEVICE_FAMILY = "1,2";
				TEST_TARGET_NAME = Progress;
			};
			name = Debug;
		};
		BFB1BD6B2E3B39560005B77F /* Release */ = {
			isa = XCBuildConfiguration;
			buildSettings = {
				CODE_SIGN_STYLE = Automatic;
				CURRENT_PROJECT_VERSION = 1;
				DEVELOPMENT_TEAM = M3DCK3B84W;
				GENERATE_INFOPLIST_FILE = YES;
				MARKETING_VERSION = 1.0;
				PRODUCT_BUNDLE_IDENTIFIER = app.rohand.ProgressUITests;
				PRODUCT_NAME = "$(TARGET_NAME)";
				SWIFT_EMIT_LOC_STRINGS = NO;
				SWIFT_VERSION = 5.0;
				TARGETED_DEVICE_FAMILY = "1,2";
				TEST_TARGET_NAME = Progress;
			};
			name = Release;
		};
/* End XCBuildConfiguration section */

/* Begin XCConfigurationList section */
		BFB1BD382E3B39550005B77F /* Build configuration list for PBXProject "DailyProgressDotAI" */ = {
			isa = XCConfigurationList;
			buildConfigurations = (
				BFB1BD642E3B39560005B77F /* Debug */,
				BFB1BD652E3B39560005B77F /* Release */,
			);
			defaultConfigurationIsVisible = 0;
			defaultConfigurationName = Release;
		};
		BFB1BD612E3B39560005B77F /* Build configuration list for PBXNativeTarget "DailyProgressDotAI" */ = {
			isa = XCConfigurationList;
			buildConfigurations = (
				BFB1BD622E3B39560005B77F /* Debug */,
				BFB1BD632E3B39560005B77F /* Release */,
			);
			defaultConfigurationIsVisible = 0;
			defaultConfigurationName = Release;
		};
		BFB1BD662E3B39560005B77F /* Build configuration list for PBXNativeTarget "DailyProgressDotAITests" */ = {
			isa = XCConfigurationList;
			buildConfigurations = (
				BFB1BD672E3B39560005B77F /* Debug */,
				BFB1BD682E3B39560005B77F /* Release */,
			);
			defaultConfigurationIsVisible = 0;
			defaultConfigurationName = Release;
		};
		BFB1BD692E3B39560005B77F /* Build configuration list for PBXNativeTarget "DailyProgressDotAIUITests" */ = {
			isa = XCConfigurationList;
			buildConfigurations = (
				BFB1BD6A2E3B39560005B77F /* Debug */,
				BFB1BD6B2E3B39560005B77F /* Release */,
			);
			defaultConfigurationIsVisible = 0;
			defaultConfigurationName = Release;
		};
/* End XCConfigurationList section */
	};
	rootObject = BFB1BD352E3B39550005B77F /* Project object */;
}
